{
  "name": "linoleum-visualizer",
  "lockfileVersion": 2,
  "requires": true,
  "packages": {
    "": {
      "dependencies": {
        "realtime-bpm-analyzer": "^3.2.1"
      }
    },
    "node_modules/realtime-bpm-analyzer": {
      "version": "3.2.1",
      "resolved": "https://registry.npmjs.org/realtime-bpm-analyzer/-/realtime-bpm-analyzer-3.2.1.tgz",
      "integrity": "sha512-q2jlMLwkPlZsCJk/e8gTM8qlqcOITnpUTPbWdwPBgvKGzixIMh7VmseRqxULKFdJWOrgM0GLTXzWys6JDmiQMw=="
    }
  },
  "dependencies": {
    "realtime-bpm-analyzer": {
      "version": "3.2.1",
      "resolved": "https://registry.npmjs.org/realtime-bpm-analyzer/-/realtime-bpm-analyzer-3.2.1.tgz",
      "integrity": "sha512-q2jlMLwkPlZsCJk/e8gTM8qlqcOITnpUTPbWdwPBgvKGzixIMh7VmseRqxULKFdJWOrgM0GLTXzWys6JDmiQMw=="
    }
  }
}
